{
  "name": "com.tunnelbear.blocker",
  "version": "1.0.1",
  "lockfileVersion": 1,
  "requires": true,
  "dependencies": {
    "tko": {
      "version": "4.0.0-alpha5h",
      "resolved": "https://registry.npmjs.org/tko/-/tko-4.0.0-alpha5h.tgz",
      "integrity": "sha1-EAgDLpQ3jsLnSrl0Cwwxjvg7QpU="
    }
  }
}
